Microsoft Visual Studio Solution File, Format Version 12.00
# Visual Studio Version 17
VisualStudioVersion = 17.0.31903.59
MinimumVisualStudioVersion = 16.0.0.0
Project("{9A19103F-16F7-4668-BE54-9A1E7A4F7556}") = "Shared", "Shared\Shared.csproj", "{75A0B8FB-ED34-4A37-AD42-C9A46598FF80}"
EndProject
Project("{FAE04EC0-301F-11D3-BF4B-00C04F79EFBC}") = "WoodenGardenServer", "WoodenGardenServer\WoodenGardenServer.csproj", "{ACED4EB5-80DD-4F04-9DC2-C2D68F9DD6C0}"
EndProject
Project("{FAE04EC0-301F-11D3-BF4B-00C04F79EFBC}") = "WoodenGardenFrontServer", "WoodenGardenFrontServer\WoodenGardenFrontServer.csproj", "{03F4BB84-1EDA-40FC-9056-B42111039940}"
EndProject
Project("{2150E333-8FDC-42A3-9474-1A3956D46DE8}") = "UnitTests", "UnitTests", "{59E8B43A-D79F-4D06-8362-AEE616A92B8B}"
EndProject
Project("{FAE04EC0-301F-11D3-BF4B-00C04F79EFBC}") = "Shared.Tests", "Shared.Tests\Shared.Tests.csproj", "{B1AE8E4A-B48C-4E3F-9F79-B68E8C73C9F9}"
EndProject
Global
	GlobalSection(SolutionConfigurationPlatforms) = preSolution
		Debug|Any CPU = Debug|Any CPU
		Debug|x64 = Debug|x64
		Debug|x86 = Debug|x86
		Release|Any CPU = Release|Any CPU
		Release|x64 = Release|x64
		Release|x86 = Release|x86
	EndGlobalSection
	GlobalSection(ProjectConfigurationPlatforms) = postSolution
		{75A0B8FB-ED34-4A37-AD42-C9A46598FF80}.Debug|Any CPU.ActiveCfg = Debug|Any CPU
		{75A0B8FB-ED34-4A37-AD42-C9A46598FF80}.Debug|Any CPU.Build.0 = Debug|Any CPU
		{75A0B8FB-ED34-4A37-AD42-C9A46598FF80}.Debug|x64.ActiveCfg = Debug|Any CPU
		{75A0B8FB-ED34-4A37-AD42-C9A46598FF80}.Debug|x64.Build.0 = Debug|Any CPU
		{75A0B8FB-ED34-4A37-AD42-C9A46598FF80}.Debug|x86.ActiveCfg = Debug|Any CPU
		{75A0B8FB-ED34-4A37-AD42-C9A46598FF80}.Debug|x86.Build.0 = Debug|Any CPU
		{75A0B8FB-ED34-4A37-AD42-C9A46598FF80}.Release|Any CPU.ActiveCfg = Release|Any CPU
		{75A0B8FB-ED34-4A37-AD42-C9A46598FF80}.Release|Any CPU.Build.0 = Release|Any CPU
		{75A0B8FB-ED34-4A37-AD42-C9A46598FF80}.Release|x64.ActiveCfg = Release|Any CPU
		{75A0B8FB-ED34-4A37-AD42-C9A46598FF80}.Release|x64.Build.0 = Release|Any CPU
		{75A0B8FB-ED34-4A37-AD42-C9A46598FF80}.Release|x86.ActiveCfg = Release|Any CPU
		{75A0B8FB-ED34-4A37-AD42-C9A46598FF80}.Release|x86.Build.0 = Release|Any CPU
		{ACED4EB5-80DD-4F04-9DC2-C2D68F9DD6C0}.Debug|Any CPU.ActiveCfg = Debug|Any CPU
		{ACED4EB5-80DD-4F04-9DC2-C2D68F9DD6C0}.Debug|Any CPU.Build.0 = Debug|Any CPU
		{ACED4EB5-80DD-4F04-9DC2-C2D68F9DD6C0}.Debug|x64.ActiveCfg = Debug|Any CPU
		{ACED4EB5-80DD-4F04-9DC2-C2D68F9DD6C0}.Debug|x64.Build.0 = Debug|Any CPU
		{ACED4EB5-80DD-4F04-9DC2-C2D68F9DD6C0}.Debug|x86.ActiveCfg = Debug|Any CPU
		{ACED4EB5-80DD-4F04-9DC2-C2D68F9DD6C0}.Debug|x86.Build.0 = Debug|Any CPU
		{ACED4EB5-80DD-4F04-9DC2-C2D68F9DD6C0}.Release|Any CPU.ActiveCfg = Release|Any CPU
		{ACED4EB5-80DD-4F04-9DC2-C2D68F9DD6C0}.Release|Any CPU.Build.0 = Release|Any CPU
		{ACED4EB5-80DD-4F04-9DC2-C2D68F9DD6C0}.Release|x64.ActiveCfg = Release|Any CPU
		{ACED4EB5-80DD-4F04-9DC2-C2D68F9DD6C0}.Release|x64.Build.0 = Release|Any CPU
		{ACED4EB5-80DD-4F04-9DC2-C2D68F9DD6C0}.Release|x86.ActiveCfg = Release|Any CPU
		{ACED4EB5-80DD-4F04-9DC2-C2D68F9DD6C0}.Release|x86.Build.0 = Release|Any CPU
		{03F4BB84-1EDA-40FC-9056-B42111039940}.Debug|Any CPU.ActiveCfg = Debug|Any CPU
		{03F4BB84-1EDA-40FC-9056-B42111039940}.Debug|Any CPU.Build.0 = Debug|Any CPU
		{03F4BB84-1EDA-40FC-9056-B42111039940}.Debug|x64.ActiveCfg = Debug|Any CPU
		{03F4BB84-1EDA-40FC-9056-B42111039940}.Debug|x64.Build.0 = Debug|Any CPU
		{03F4BB84-1EDA-40FC-9056-B42111039940}.Debug|x86.ActiveCfg = Debug|Any CPU
		{03F4BB84-1EDA-40FC-9056-B42111039940}.Debug|x86.Build.0 = Debug|Any CPU
		{03F4BB84-1EDA-40FC-9056-B42111039940}.Release|Any CPU.ActiveCfg = Release|Any CPU
		{03F4BB84-1EDA-40FC-9056-B42111039940}.Release|Any CPU.Build.0 = Release|Any CPU
		{03F4BB84-1EDA-40FC-9056-B42111039940}.Release|x64.ActiveCfg = Release|Any CPU
		{03F4BB84-1EDA-40FC-9056-B42111039940}.Release|x64.Build.0 = Release|Any CPU
		{03F4BB84-1EDA-40FC-9056-B42111039940}.Release|x86.ActiveCfg = Release|Any CPU
		{03F4BB84-1EDA-40FC-9056-B42111039940}.Release|x86.Build.0 = Release|Any CPU
		{B1AE8E4A-B48C-4E3F-9F79-B68E8C73C9F9}.Debug|Any CPU.ActiveCfg = Debug|Any CPU
		{B1AE8E4A-B48C-4E3F-9F79-B68E8C73C9F9}.Debug|Any CPU.Build.0 = Debug|Any CPU
		{B1AE8E4A-B48C-4E3F-9F79-B68E8C73C9F9}.Debug|x64.ActiveCfg = Debug|Any CPU
		{B1AE8E4A-B48C-4E3F-9F79-B68E8C73C9F9}.Debug|x64.Build.0 = Debug|Any CPU
		{B1AE8E4A-B48C-4E3F-9F79-B68E8C73C9F9}.Debug|x86.ActiveCfg = Debug|Any CPU
		{B1AE8E4A-B48C-4E3F-9F79-B68E8C73C9F9}.Debug|x86.Build.0 = Debug|Any CPU
		{B1AE8E4A-B48C-4E3F-9F79-B68E8C73C9F9}.Release|Any CPU.ActiveCfg = Release|Any CPU
		{B1AE8E4A-B48C-4E3F-9F79-B68E8C73C9F9}.Release|Any CPU.Build.0 = Release|Any CPU
		{B1AE8E4A-B48C-4E3F-9F79-B68E8C73C9F9}.Release|x64.ActiveCfg = Release|Any CPU
		{B1AE8E4A-B48C-4E3F-9F79-B68E8C73C9F9}.Release|x64.Build.0 = Release|Any CPU
		{B1AE8E4A-B48C-4E3F-9F79-B68E8C73C9F9}.Release|x86.ActiveCfg = Release|Any CPU
		{B1AE8E4A-B48C-4E3F-9F79-B68E8C73C9F9}.Release|x86.Build.0 = Release|Any CPU
	EndGlobalSection
	GlobalSection(SolutionProperties) = preSolution
		HideSolutionNode = FALSE
	EndGlobalSection
	GlobalSection(ExtensibilityGlobals) = postSolution
		SolutionGuid = {1277BD28-CC45-4150-B0E9-290F49F7B5FD}
	EndGlobalSection
	GlobalSection(NestedProjects) = preSolution
		{B1AE8E4A-B48C-4E3F-9F79-B68E8C73C9F9} = {59E8B43A-D79F-4D06-8362-AEE616A92B8B}
	EndGlobalSection
EndGlobal
