Microsoft Visual Studio Solution File, Format Version 12.00
# Visual Studio Version 17
VisualStudioVersion = 17.0.31903.59
MinimumVisualStudioVersion = 16.0.0.0
Project("{9A19103F-16F7-4668-BE54-9A1E7A4F7556}") = "WoodenGardenApp.Server", "Server\WoodenGardenApp.Server.csproj", "{90DEF120-975A-4D88-BA5D-2F7FC3101B09}"
EndProject
Project("{9A19103F-16F7-4668-BE54-9A1E7A4F7556}") = "WoodenGardenApp.Client", "Client\WoodenGardenApp.Client.csproj", "{F07C37F7-6AA6-48B6-B2B7-CD2245102BF3}"
EndProject
Project("{9A19103F-16F7-4668-BE54-9A1E7A4F7556}") = "WoodenGardenApp.Shared", "Shared\WoodenGardenApp.Shared.csproj", "{75A0B8FB-ED34-4A37-AD42-C9A46598FF80}"
EndProject
Project("{2150E333-8FDC-42A3-9474-1A3956D46DE8}") = "UnitTests", "UnitTests", "{B66779B7-735D-4739-97D3-7DB2D3F3B2B1}"
EndProject
Project("{FAE04EC0-301F-11D3-BF4B-00C04F79EFBC}") = "ServerUnitTests", "ServerUnitTests\ServerUnitTests.csproj", "{E0871694-D928-4F48-9398-F294F8D94BB6}"
EndProject
Global
	GlobalSection(SolutionConfigurationPlatforms) = preSolution
		Debug|Any CPU = Debug|Any CPU
		Debug|x64 = Debug|x64
		Debug|x86 = Debug|x86
		Release|Any CPU = Release|Any CPU
		Release|x64 = Release|x64
		Release|x86 = Release|x86
	EndGlobalSection
	GlobalSection(ProjectConfigurationPlatforms) = postSolution
		{90DEF120-975A-4D88-BA5D-2F7FC3101B09}.Debug|Any CPU.ActiveCfg = Debug|Any CPU
		{90DEF120-975A-4D88-BA5D-2F7FC3101B09}.Debug|Any CPU.Build.0 = Debug|Any CPU
		{90DEF120-975A-4D88-BA5D-2F7FC3101B09}.Debug|x64.ActiveCfg = Debug|Any CPU
		{90DEF120-975A-4D88-BA5D-2F7FC3101B09}.Debug|x64.Build.0 = Debug|Any CPU
		{90DEF120-975A-4D88-BA5D-2F7FC3101B09}.Debug|x86.ActiveCfg = Debug|Any CPU
		{90DEF120-975A-4D88-BA5D-2F7FC3101B09}.Debug|x86.Build.0 = Debug|Any CPU
		{90DEF120-975A-4D88-BA5D-2F7FC3101B09}.Release|Any CPU.ActiveCfg = Release|Any CPU
		{90DEF120-975A-4D88-BA5D-2F7FC3101B09}.Release|Any CPU.Build.0 = Release|Any CPU
		{90DEF120-975A-4D88-BA5D-2F7FC3101B09}.Release|x64.ActiveCfg = Release|Any CPU
		{90DEF120-975A-4D88-BA5D-2F7FC3101B09}.Release|x64.Build.0 = Release|Any CPU
		{90DEF120-975A-4D88-BA5D-2F7FC3101B09}.Release|x86.ActiveCfg = Release|Any CPU
		{90DEF120-975A-4D88-BA5D-2F7FC3101B09}.Release|x86.Build.0 = Release|Any CPU
		{F07C37F7-6AA6-48B6-B2B7-CD2245102BF3}.Debug|Any CPU.ActiveCfg = Debug|Any CPU
		{F07C37F7-6AA6-48B6-B2B7-CD2245102BF3}.Debug|Any CPU.Build.0 = Debug|Any CPU
		{F07C37F7-6AA6-48B6-B2B7-CD2245102BF3}.Debug|x64.ActiveCfg = Debug|Any CPU
		{F07C37F7-6AA6-48B6-B2B7-CD2245102BF3}.Debug|x64.Build.0 = Debug|Any CPU
		{F07C37F7-6AA6-48B6-B2B7-CD2245102BF3}.Debug|x86.ActiveCfg = Debug|Any CPU
		{F07C37F7-6AA6-48B6-B2B7-CD2245102BF3}.Debug|x86.Build.0 = Debug|Any CPU
		{F07C37F7-6AA6-48B6-B2B7-CD2245102BF3}.Release|Any CPU.ActiveCfg = Release|Any CPU
		{F07C37F7-6AA6-48B6-B2B7-CD2245102BF3}.Release|Any CPU.Build.0 = Release|Any CPU
		{F07C37F7-6AA6-48B6-B2B7-CD2245102BF3}.Release|x64.ActiveCfg = Release|Any CPU
		{F07C37F7-6AA6-48B6-B2B7-CD2245102BF3}.Release|x64.Build.0 = Release|Any CPU
		{F07C37F7-6AA6-48B6-B2B7-CD2245102BF3}.Release|x86.ActiveCfg = Release|Any CPU
		{F07C37F7-6AA6-48B6-B2B7-CD2245102BF3}.Release|x86.Build.0 = Release|Any CPU
		{75A0B8FB-ED34-4A37-AD42-C9A46598FF80}.Debug|Any CPU.ActiveCfg = Debug|Any CPU
		{75A0B8FB-ED34-4A37-AD42-C9A46598FF80}.Debug|Any CPU.Build.0 = Debug|Any CPU
		{75A0B8FB-ED34-4A37-AD42-C9A46598FF80}.Debug|x64.ActiveCfg = Debug|Any CPU
		{75A0B8FB-ED34-4A37-AD42-C9A46598FF80}.Debug|x64.Build.0 = Debug|Any CPU
		{75A0B8FB-ED34-4A37-AD42-C9A46598FF80}.Debug|x86.ActiveCfg = Debug|Any CPU
		{75A0B8FB-ED34-4A37-AD42-C9A46598FF80}.Debug|x86.Build.0 = Debug|Any CPU
		{75A0B8FB-ED34-4A37-AD42-C9A46598FF80}.Release|Any CPU.ActiveCfg = Release|Any CPU
		{75A0B8FB-ED34-4A37-AD42-C9A46598FF80}.Release|Any CPU.Build.0 = Release|Any CPU
		{75A0B8FB-ED34-4A37-AD42-C9A46598FF80}.Release|x64.ActiveCfg = Release|Any CPU
		{75A0B8FB-ED34-4A37-AD42-C9A46598FF80}.Release|x64.Build.0 = Release|Any CPU
		{75A0B8FB-ED34-4A37-AD42-C9A46598FF80}.Release|x86.ActiveCfg = Release|Any CPU
		{75A0B8FB-ED34-4A37-AD42-C9A46598FF80}.Release|x86.Build.0 = Release|Any CPU
		{E0871694-D928-4F48-9398-F294F8D94BB6}.Debug|Any CPU.ActiveCfg = Debug|Any CPU
		{E0871694-D928-4F48-9398-F294F8D94BB6}.Debug|Any CPU.Build.0 = Debug|Any CPU
		{E0871694-D928-4F48-9398-F294F8D94BB6}.Debug|x64.ActiveCfg = Debug|Any CPU
		{E0871694-D928-4F48-9398-F294F8D94BB6}.Debug|x64.Build.0 = Debug|Any CPU
		{E0871694-D928-4F48-9398-F294F8D94BB6}.Debug|x86.ActiveCfg = Debug|Any CPU
		{E0871694-D928-4F48-9398-F294F8D94BB6}.Debug|x86.Build.0 = Debug|Any CPU
		{E0871694-D928-4F48-9398-F294F8D94BB6}.Release|Any CPU.ActiveCfg = Release|Any CPU
		{E0871694-D928-4F48-9398-F294F8D94BB6}.Release|Any CPU.Build.0 = Release|Any CPU
		{E0871694-D928-4F48-9398-F294F8D94BB6}.Release|x64.ActiveCfg = Release|Any CPU
		{E0871694-D928-4F48-9398-F294F8D94BB6}.Release|x64.Build.0 = Release|Any CPU
		{E0871694-D928-4F48-9398-F294F8D94BB6}.Release|x86.ActiveCfg = Release|Any CPU
		{E0871694-D928-4F48-9398-F294F8D94BB6}.Release|x86.Build.0 = Release|Any CPU
	EndGlobalSection
	GlobalSection(SolutionProperties) = preSolution
		HideSolutionNode = FALSE
	EndGlobalSection
	GlobalSection(ExtensibilityGlobals) = postSolution
		SolutionGuid = {1277BD28-CC45-4150-B0E9-290F49F7B5FD}
	EndGlobalSection
	GlobalSection(NestedProjects) = preSolution
		{E0871694-D928-4F48-9398-F294F8D94BB6} = {B66779B7-735D-4739-97D3-7DB2D3F3B2B1}
	EndGlobalSection
EndGlobal
